
Microsoft Visual Studio Solution File, Format Version 12.00
# Visual Studio 15
VisualStudioVersion = 15.0.28307.438
MinimumVisualStudioVersion = 10.0.40219.1
Project("{FAE04EC0-301F-11D3-BF4B-00C04F79EFBC}") = "WebApplicationInternetShop", "WebApplicationInternetShop\WebApplicationInternetShop.csproj", "{640A2C1E-4474-477F-8937-1492A7326DE6}"
EndProject
Project("{FAE04EC0-301F-11D3-BF4B-00C04F79EFBC}") = "WebApplicationInternetShop.DataAccessLayer", "WebApplicationInternetShop.DataAccessLayer\WebApplicationInternetShop.DataAccessLayer.csproj", "{8CAD5A98-C807-43F2-9193-FF738F6CAC3A}"
EndProject
Project("{FAE04EC0-301F-11D3-BF4B-00C04F79EFBC}") = "WebApplicationInternetShop.BuisnessLogicLayer", "WebApplicationInternetShop.BuisnessLogicLayer\WebApplicationInternetShop.BuisnessLogicLayer.csproj", "{A19EAB64-288B-45CA-A536-362FE82B7207}"
EndProject
Global
	GlobalSection(SolutionConfigurationPlatforms) = preSolution
		Debug|Any CPU = Debug|Any CPU
		Release|Any CPU = Release|Any CPU
	EndGlobalSection
	GlobalSection(ProjectConfigurationPlatforms) = postSolution
		{640A2C1E-4474-477F-8937-1492A7326DE6}.Debug|Any CPU.ActiveCfg = Debug|Any CPU
		{640A2C1E-4474-477F-8937-1492A7326DE6}.Debug|Any CPU.Build.0 = Debug|Any CPU
		{640A2C1E-4474-477F-8937-1492A7326DE6}.Release|Any CPU.ActiveCfg = Release|Any CPU
		{640A2C1E-4474-477F-8937-1492A7326DE6}.Release|Any CPU.Build.0 = Release|Any CPU
		{8CAD5A98-C807-43F2-9193-FF738F6CAC3A}.Debug|Any CPU.ActiveCfg = Debug|Any CPU
		{8CAD5A98-C807-43F2-9193-FF738F6CAC3A}.Debug|Any CPU.Build.0 = Debug|Any CPU
		{8CAD5A98-C807-43F2-9193-FF738F6CAC3A}.Release|Any CPU.ActiveCfg = Release|Any CPU
		{8CAD5A98-C807-43F2-9193-FF738F6CAC3A}.Release|Any CPU.Build.0 = Release|Any CPU
		{A19EAB64-288B-45CA-A536-362FE82B7207}.Debug|Any CPU.ActiveCfg = Debug|Any CPU
		{A19EAB64-288B-45CA-A536-362FE82B7207}.Debug|Any CPU.Build.0 = Debug|Any CPU
		{A19EAB64-288B-45CA-A536-362FE82B7207}.Release|Any CPU.ActiveCfg = Release|Any CPU
		{A19EAB64-288B-45CA-A536-362FE82B7207}.Release|Any CPU.Build.0 = Release|Any CPU
	EndGlobalSection
	GlobalSection(SolutionProperties) = preSolution
		HideSolutionNode = FALSE
	EndGlobalSection
	GlobalSection(ExtensibilityGlobals) = postSolution
		SolutionGuid = {83B9B968-D7B8-4065-8FB1-4C3082DBDD46}
	EndGlobalSection
EndGlobal
